
Microsoft Visual Studio Solution File, Format Version 12.00
# Visual Studio Version 16
VisualStudioVersion = 16.0.31605.320
MinimumVisualStudioVersion = 10.0.40219.1
Project("{FAE04EC0-301F-11D3-BF4B-00C04F79EFBC}") = "SieveofEratosthenes", "SieveofEratosthenes\SieveofEratosthenes.csproj", "{AB9D0EF3-4068-41B8-AC65-520F36D7156B}"
EndProject
Global
	GlobalSection(SolutionConfigurationPlatforms) = preSolution
		Debug|Any CPU = Debug|Any CPU
		Release|Any CPU = Release|Any CPU
	EndGlobalSection
	GlobalSection(ProjectConfigurationPlatforms) = postSolution
		{AB9D0EF3-4068-41B8-AC65-520F36D7156B}.Debug|Any CPU.ActiveCfg = Debug|Any CPU
		{AB9D0EF3-4068-41B8-AC65-520F36D7156B}.Debug|Any CPU.Build.0 = Debug|Any CPU
		{AB9D0EF3-4068-41B8-AC65-520F36D7156B}.Release|Any CPU.ActiveCfg = Release|Any CPU
		{AB9D0EF3-4068-41B8-AC65-520F36D7156B}.Release|Any CPU.Build.0 = Release|Any CPU
	EndGlobalSection
	GlobalSection(SolutionProperties) = preSolution
		HideSolutionNode = FALSE
	EndGlobalSection
	GlobalSection(ExtensibilityGlobals) = postSolution
		SolutionGuid = {2A10FCB5-E85E-4137-BB53-10B31F2EAEB4}
	EndGlobalSection
EndGlobal
